
Microsoft Visual Studio Solution File, Format Version 12.00
# Visual Studio 14
VisualStudioVersion = 14.0.25123.0
MinimumVisualStudioVersion = 10.0.40219.1
Project("{FAE04EC0-301F-11D3-BF4B-00C04F79EFBC}") = "NET.DocumentDb.Repository", "NET.DocumentDb.Repository.csproj", "{56DD3C9C-835C-406E-83C0-ABF6540F4D53}"
EndProject
Global
	GlobalSection(SolutionConfigurationPlatforms) = preSolution
		Debug|Any CPU = Debug|Any CPU
		Release|Any CPU = Release|Any CPU
	EndGlobalSection
	GlobalSection(ProjectConfigurationPlatforms) = postSolution
		{56DD3C9C-835C-406E-83C0-ABF6540F4D53}.Debug|Any CPU.ActiveCfg = Debug|Any CPU
		{56DD3C9C-835C-406E-83C0-ABF6540F4D53}.Debug|Any CPU.Build.0 = Debug|Any CPU
		{56DD3C9C-835C-406E-83C0-ABF6540F4D53}.Release|Any CPU.ActiveCfg = Release|Any CPU
		{56DD3C9C-835C-406E-83C0-ABF6540F4D53}.Release|Any CPU.Build.0 = Release|Any CPU
	EndGlobalSection
	GlobalSection(SolutionProperties) = preSolution
		HideSolutionNode = FALSE
	EndGlobalSection
EndGlobal
